
Microsoft Visual Studio Solution File, Format Version 12.00
# Visual Studio Version 16
VisualStudioVersion = 16.0.31105.61
MinimumVisualStudioVersion = 10.0.40219.1
Project("{FAE04EC0-301F-11D3-BF4B-00C04F79EFBC}") = "TrabajoPracticoPAV1", "TrabajoPracticoPAV1\TrabajoPracticoPAV1.csproj", "{D6EBC09C-78E7-498A-AEC4-3141B9172DF1}"
EndProject
Global
	GlobalSection(SolutionConfigurationPlatforms) = preSolution
		Debug|Any CPU = Debug|Any CPU
		Release|Any CPU = Release|Any CPU
	EndGlobalSection
	GlobalSection(ProjectConfigurationPlatforms) = postSolution
		{D6EBC09C-78E7-498A-AEC4-3141B9172DF1}.Debug|Any CPU.ActiveCfg = Debug|Any CPU
		{D6EBC09C-78E7-498A-AEC4-3141B9172DF1}.Debug|Any CPU.Build.0 = Debug|Any CPU
		{D6EBC09C-78E7-498A-AEC4-3141B9172DF1}.Release|Any CPU.ActiveCfg = Release|Any CPU
		{D6EBC09C-78E7-498A-AEC4-3141B9172DF1}.Release|Any CPU.Build.0 = Release|Any CPU
	EndGlobalSection
	GlobalSection(SolutionProperties) = preSolution
		HideSolutionNode = FALSE
	EndGlobalSection
	GlobalSection(ExtensibilityGlobals) = postSolution
		SolutionGuid = {49A150BF-C8E9-4930-ABE0-78ED280EC8E1}
	EndGlobalSection
EndGlobal
